
Microsoft Visual Studio Solution File, Format Version 12.00
# Visual Studio 15
VisualStudioVersion = 15.0.26228.4
MinimumVisualStudioVersion = 10.0.40219.1
Project("{FAE04EC0-301F-11D3-BF4B-00C04F79EFBC}") = "SnakeApp", "SnakeApp\SnakeApp.csproj", "{4CDF2A0E-DF2C-42F3-ADE5-D633A6CE8563}"
EndProject
Project("{FAE04EC0-301F-11D3-BF4B-00C04F79EFBC}") = "SnakeVisual", "SnakeVisual\SnakeVisual.csproj", "{B2D7F79E-A6DC-4CF8-A54F-602A5198692E}"
EndProject
Global
	GlobalSection(SolutionConfigurationPlatforms) = preSolution
		Debug|Any CPU = Debug|Any CPU
		Release|Any CPU = Release|Any CPU
	EndGlobalSection
	GlobalSection(ProjectConfigurationPlatforms) = postSolution
		{4CDF2A0E-DF2C-42F3-ADE5-D633A6CE8563}.Debug|Any CPU.ActiveCfg = Debug|Any CPU
		{4CDF2A0E-DF2C-42F3-ADE5-D633A6CE8563}.Debug|Any CPU.Build.0 = Debug|Any CPU
		{4CDF2A0E-DF2C-42F3-ADE5-D633A6CE8563}.Release|Any CPU.ActiveCfg = Release|Any CPU
		{4CDF2A0E-DF2C-42F3-ADE5-D633A6CE8563}.Release|Any CPU.Build.0 = Release|Any CPU
		{B2D7F79E-A6DC-4CF8-A54F-602A5198692E}.Debug|Any CPU.ActiveCfg = Debug|Any CPU
		{B2D7F79E-A6DC-4CF8-A54F-602A5198692E}.Debug|Any CPU.Build.0 = Debug|Any CPU
		{B2D7F79E-A6DC-4CF8-A54F-602A5198692E}.Release|Any CPU.ActiveCfg = Release|Any CPU
		{B2D7F79E-A6DC-4CF8-A54F-602A5198692E}.Release|Any CPU.Build.0 = Release|Any CPU
	EndGlobalSection
	GlobalSection(SolutionProperties) = preSolution
		HideSolutionNode = FALSE
	EndGlobalSection
EndGlobal
